
Microsoft Visual Studio Solution File, Format Version 12.00
# Visual Studio Version 17
VisualStudioVersion = 17.5.33414.496
MinimumVisualStudioVersion = 10.0.40219.1
Project("{FAE04EC0-301F-11D3-BF4B-00C04F79EFBC}") = "DOGOB2B.WEB", "DOGOB2B.WEB\DOGOB2B.WEB.csproj", "{B05C3E79-223D-40EF-8E03-8677C7343F33}"
EndProject
Project("{FAE04EC0-301F-11D3-BF4B-00C04F79EFBC}") = "DOGOB2B.CORE", "DOGOB2B.CORE\DOGOB2B.CORE.csproj", "{5D467BE3-FB6B-4D91-863A-D5B2840CF96D}"
EndProject
Project("{FAE04EC0-301F-11D3-BF4B-00C04F79EFBC}") = "DOGOB2B.DATAACCESS", "DOGOB2B.DATAACCESS\DOGOB2B.DATAACCESS.csproj", "{6F5E8930-FF3F-4886-83DB-EABCEA2EF58A}"
EndProject
Project("{FAE04EC0-301F-11D3-BF4B-00C04F79EFBC}") = "DOGOB2B.BUSINESS", "DOGOB2B.BUSINESS\DOGOB2B.BUSINESS.csproj", "{86BC6B95-78D7-4B13-9A06-6A35E1F7570E}"
EndProject
Project("{FAE04EC0-301F-11D3-BF4B-00C04F79EFBC}") = "DOGOB2B.ENTITY", "DOGOB2B.ENTITY\DOGOB2B.ENTITY.csproj", "{CC597163-3494-4144-8AA5-25FF4F443DB7}"
EndProject
Global
	GlobalSection(SolutionConfigurationPlatforms) = preSolution
		Debug|Any CPU = Debug|Any CPU
		Release|Any CPU = Release|Any CPU
	EndGlobalSection
	GlobalSection(ProjectConfigurationPlatforms) = postSolution
		{B05C3E79-223D-40EF-8E03-8677C7343F33}.Debug|Any CPU.ActiveCfg = Debug|Any CPU
		{B05C3E79-223D-40EF-8E03-8677C7343F33}.Debug|Any CPU.Build.0 = Debug|Any CPU
		{B05C3E79-223D-40EF-8E03-8677C7343F33}.Release|Any CPU.ActiveCfg = Release|Any CPU
		{B05C3E79-223D-40EF-8E03-8677C7343F33}.Release|Any CPU.Build.0 = Release|Any CPU
		{5D467BE3-FB6B-4D91-863A-D5B2840CF96D}.Debug|Any CPU.ActiveCfg = Debug|Any CPU
		{5D467BE3-FB6B-4D91-863A-D5B2840CF96D}.Debug|Any CPU.Build.0 = Debug|Any CPU
		{5D467BE3-FB6B-4D91-863A-D5B2840CF96D}.Release|Any CPU.ActiveCfg = Release|Any CPU
		{5D467BE3-FB6B-4D91-863A-D5B2840CF96D}.Release|Any CPU.Build.0 = Release|Any CPU
		{6F5E8930-FF3F-4886-83DB-EABCEA2EF58A}.Debug|Any CPU.ActiveCfg = Debug|Any CPU
		{6F5E8930-FF3F-4886-83DB-EABCEA2EF58A}.Debug|Any CPU.Build.0 = Debug|Any CPU
		{6F5E8930-FF3F-4886-83DB-EABCEA2EF58A}.Release|Any CPU.ActiveCfg = Release|Any CPU
		{6F5E8930-FF3F-4886-83DB-EABCEA2EF58A}.Release|Any CPU.Build.0 = Release|Any CPU
		{86BC6B95-78D7-4B13-9A06-6A35E1F7570E}.Debug|Any CPU.ActiveCfg = Debug|Any CPU
		{86BC6B95-78D7-4B13-9A06-6A35E1F7570E}.Debug|Any CPU.Build.0 = Debug|Any CPU
		{86BC6B95-78D7-4B13-9A06-6A35E1F7570E}.Release|Any CPU.ActiveCfg = Release|Any CPU
		{86BC6B95-78D7-4B13-9A06-6A35E1F7570E}.Release|Any CPU.Build.0 = Release|Any CPU
		{CC597163-3494-4144-8AA5-25FF4F443DB7}.Debug|Any CPU.ActiveCfg = Debug|Any CPU
		{CC597163-3494-4144-8AA5-25FF4F443DB7}.Debug|Any CPU.Build.0 = Debug|Any CPU
		{CC597163-3494-4144-8AA5-25FF4F443DB7}.Release|Any CPU.ActiveCfg = Release|Any CPU
		{CC597163-3494-4144-8AA5-25FF4F443DB7}.Release|Any CPU.Build.0 = Release|Any CPU
	EndGlobalSection
	GlobalSection(SolutionProperties) = preSolution
		HideSolutionNode = FALSE
	EndGlobalSection
	GlobalSection(ExtensibilityGlobals) = postSolution
		SolutionGuid = {5E1FF15F-A2C3-4CE0-B36F-20FA6D0AF6D5}
	EndGlobalSection
EndGlobal
